
Microsoft Visual Studio Solution File, Format Version 12.00
# Visual Studio Version 17
VisualStudioVersion = 17.13.35825.156 d17.13
MinimumVisualStudioVersion = 10.0.40219.1
Project("{FAE04EC0-301F-11D3-BF4B-00C04F79EFBC}") = "ConsoleApp7", "ConsoleApp7\ConsoleApp7.csproj", "{B096FC0A-F28C-4813-B624-1AC661E0F45A}"
EndProject
Global
	GlobalSection(SolutionConfigurationPlatforms) = preSolution
		Debug|Any CPU = Debug|Any CPU
		Release|Any CPU = Release|Any CPU
	EndGlobalSection
	GlobalSection(ProjectConfigurationPlatforms) = postSolution
		{B096FC0A-F28C-4813-B624-1AC661E0F45A}.Debug|Any CPU.ActiveCfg = Debug|Any CPU
		{B096FC0A-F28C-4813-B624-1AC661E0F45A}.Debug|Any CPU.Build.0 = Debug|Any CPU
		{B096FC0A-F28C-4813-B624-1AC661E0F45A}.Release|Any CPU.ActiveCfg = Release|Any CPU
		{B096FC0A-F28C-4813-B624-1AC661E0F45A}.Release|Any CPU.Build.0 = Release|Any CPU
	EndGlobalSection
	GlobalSection(SolutionProperties) = preSolution
		HideSolutionNode = FALSE
	EndGlobalSection
	GlobalSection(ExtensibilityGlobals) = postSolution
		SolutionGuid = {E1333079-B952-46B6-A1B1-71D689A84A8E}
	EndGlobalSection
EndGlobal
